// !$*UTF8*$!
{
	archiveVersion = 1;
	classes = {
	};
	objectVersion = 56;
	objects = {

/* Begin PBXBuildFile section */
		A2000001 /* ClockBarApp.swift in Sources */ = {isa = PBXBuildFile; fileRef = A1000001 /* ClockBarApp.swift */; };
		A2000002 /* StatusViewModel.swift in Sources */ = {isa = PBXBuildFile; fileRef = A1000004 /* StatusViewModel.swift */; };
		A2000024 /* AppUpdater.swift in Sources */ = {isa = PBXBuildFile; fileRef = A1000026 /* AppUpdater.swift */; };
		A2000070 /* AppContainer.swift in Sources */ = {isa = PBXBuildFile; fileRef = A1000070 /* AppContainer.swift */; };
		A2000003 /* AuthWindowController.swift in Sources */ = {isa = PBXBuildFile; fileRef = A1000005 /* AuthWindowController.swift */; };
		A2000050 /* SilentAuthRefresher.swift in Sources */ = {isa = PBXBuildFile; fileRef = A1000050 /* SilentAuthRefresher.swift */; };
		A2000004 /* AuthStore.swift in Sources */ = {isa = PBXBuildFile; fileRef = A1000006 /* AuthStore.swift */; };
		A2000005 /* Clock104API.swift in Sources */ = {isa = PBXBuildFile; fileRef = A1000007 /* Clock104API.swift */; };
		A2000006 /* Clock104Error.swift in Sources */ = {isa = PBXBuildFile; fileRef = A1000008 /* Clock104Error.swift */; };
		A2000007 /* ClockService.swift in Sources */ = {isa = PBXBuildFile; fileRef = A1000009 /* ClockService.swift */; };
		A2000008 /* ClockAction.swift in Sources */ = {isa = PBXBuildFile; fileRef = A100000A /* ClockAction.swift */; };
		A2000009 /* ClockConfig.swift in Sources */ = {isa = PBXBuildFile; fileRef = A100000B /* ClockConfig.swift */; };
		A200000A /* PunchStatus.swift in Sources */ = {isa = PBXBuildFile; fileRef = A100000C /* PunchStatus.swift */; };
		A200000B /* ScheduledTime.swift in Sources */ = {isa = PBXBuildFile; fileRef = A100000D /* ScheduledTime.swift */; };
		A200000C /* ScheduleState.swift in Sources */ = {isa = PBXBuildFile; fileRef = A100000E /* ScheduleState.swift */; };
		A200000D /* StoredSession.swift in Sources */ = {isa = PBXBuildFile; fileRef = A100000F /* StoredSession.swift */; };
		A2000030 /* NextPunch.swift in Sources */ = {isa = PBXBuildFile; fileRef = A1000030 /* NextPunch.swift */; };
		A200000E /* AutoPunchEngine.swift in Sources */ = {isa = PBXBuildFile; fileRef = A1000010 /* AutoPunchEngine.swift */; };
		A200000F /* HolidayStore.swift in Sources */ = {isa = PBXBuildFile; fileRef = A1000011 /* HolidayStore.swift */; };
		A2000010 /* LaunchAgentManager.swift in Sources */ = {isa = PBXBuildFile; fileRef = A1000012 /* LaunchAgentManager.swift */; };
		A2000011 /* PowerStateMonitor.swift in Sources */ = {isa = PBXBuildFile; fileRef = A1000013 /* PowerStateMonitor.swift */; };
		A2000012 /* AppPaths.swift in Sources */ = {isa = PBXBuildFile; fileRef = A1000014 /* AppPaths.swift */; };
		A2000013 /* AutoPunchLog.swift in Sources */ = {isa = PBXBuildFile; fileRef = A1000015 /* AutoPunchLog.swift */; };
		A2000060 /* AutoPunchLock.swift in Sources */ = {isa = PBXBuildFile; fileRef = A1000060 /* AutoPunchLock.swift */; };
		A2000014 /* ClockStoreCoding.swift in Sources */ = {isa = PBXBuildFile; fileRef = A1000016 /* ClockStoreCoding.swift */; };
		A2000015 /* ConfigManager.swift in Sources */ = {isa = PBXBuildFile; fileRef = A1000017 /* ConfigManager.swift */; };
		A2000016 /* DateFormatters.swift in Sources */ = {isa = PBXBuildFile; fileRef = A1000018 /* DateFormatters.swift */; };
		A2000017 /* NotificationManager.swift in Sources */ = {isa = PBXBuildFile; fileRef = A1000019 /* NotificationManager.swift */; };
		A2000018 /* Shell.swift in Sources */ = {isa = PBXBuildFile; fileRef = A100001A /* Shell.swift */; };
		A2000019 /* StringExtensions.swift in Sources */ = {isa = PBXBuildFile; fileRef = A100001B /* StringExtensions.swift */; };
		A2000031 /* TimeHelpers.swift in Sources */ = {isa = PBXBuildFile; fileRef = A1000031 /* TimeHelpers.swift */; };
		A200001A /* SystemUI.swift in Sources */ = {isa = PBXBuildFile; fileRef = A100001C /* SystemUI.swift */; };
		A200001B /* ContentView.swift in Sources */ = {isa = PBXBuildFile; fileRef = A100001D /* ContentView.swift */; };
		A200001C /* DesignSystem.swift in Sources */ = {isa = PBXBuildFile; fileRef = A100001E /* DesignSystem.swift */; };
		A200001D /* MenuPanelButton.swift in Sources */ = {isa = PBXBuildFile; fileRef = A100001F /* MenuPanelButton.swift */; };
		A200001E /* MenuPanelToggleRow.swift in Sources */ = {isa = PBXBuildFile; fileRef = A1000020 /* MenuPanelToggleRow.swift */; };
			A200001F /* PunchButtonStyle.swift in Sources */ = {isa = PBXBuildFile; fileRef = A1000021 /* PunchButtonStyle.swift */; };
		A2000021 /* StatusMetric.swift in Sources */ = {isa = PBXBuildFile; fileRef = A1000023 /* StatusMetric.swift */; };
		A2000022 /* SettingsView.swift in Sources */ = {isa = PBXBuildFile; fileRef = A1000024 /* SettingsView.swift */; };
			A2000040 /* SettingsWindowController.swift in Sources */ = {isa = PBXBuildFile; fileRef = A1000040 /* SettingsWindowController.swift */; };
		A2000023 /* Assets.xcassets in Resources */ = {isa = PBXBuildFile; fileRef = A1000025 /* Assets.xcassets */; };
		A2000025 /* Sparkle in Frameworks */ = {isa = PBXBuildFile; productRef = A9000002 /* Sparkle */; };
/* End PBXBuildFile section */

/* Begin PBXFileReference section */
		A1000001 /* ClockBarApp.swift */ = {isa = PBXFileReference; lastKnownFileType = sourcecode.swift; path = ClockBarApp.swift; sourceTree = "<group>"; };
		A1000002 /* Info.plist */ = {isa = PBXFileReference; lastKnownFileType = text.plist.xml; path = Info.plist; sourceTree = "<group>"; };
		A1000003 /* ClockBar.app */ = {isa = PBXFileReference; explicitFileType = wrapper.application; includeInIndex = 0; path = ClockBar.app; sourceTree = BUILT_PRODUCTS_DIR; };
		A1000004 /* StatusViewModel.swift */ = {isa = PBXFileReference; lastKnownFileType = sourcecode.swift; path = StatusViewModel.swift; sourceTree = "<group>"; };
		A1000026 /* AppUpdater.swift */ = {isa = PBXFileReference; lastKnownFileType = sourcecode.swift; path = AppUpdater.swift; sourceTree = "<group>"; };
		A1000070 /* AppContainer.swift */ = {isa = PBXFileReference; lastKnownFileType = sourcecode.swift; path = AppContainer.swift; sourceTree = "<group>"; };
		A1000005 /* AuthWindowController.swift */ = {isa = PBXFileReference; lastKnownFileType = sourcecode.swift; path = AuthWindowController.swift; sourceTree = "<group>"; };
		A1000050 /* SilentAuthRefresher.swift */ = {isa = PBXFileReference; lastKnownFileType = sourcecode.swift; path = SilentAuthRefresher.swift; sourceTree = "<group>"; };
		A1000006 /* AuthStore.swift */ = {isa = PBXFileReference; lastKnownFileType = sourcecode.swift; path = AuthStore.swift; sourceTree = "<group>"; };
		A1000007 /* Clock104API.swift */ = {isa = PBXFileReference; lastKnownFileType = sourcecode.swift; path = Clock104API.swift; sourceTree = "<group>"; };
		A1000008 /* Clock104Error.swift */ = {isa = PBXFileReference; lastKnownFileType = sourcecode.swift; path = Clock104Error.swift; sourceTree = "<group>"; };
		A1000009 /* ClockService.swift */ = {isa = PBXFileReference; lastKnownFileType = sourcecode.swift; path = ClockService.swift; sourceTree = "<group>"; };
		A100000A /* ClockAction.swift */ = {isa = PBXFileReference; lastKnownFileType = sourcecode.swift; path = ClockAction.swift; sourceTree = "<group>"; };
		A100000B /* ClockConfig.swift */ = {isa = PBXFileReference; lastKnownFileType = sourcecode.swift; path = ClockConfig.swift; sourceTree = "<group>"; };
		A100000C /* PunchStatus.swift */ = {isa = PBXFileReference; lastKnownFileType = sourcecode.swift; path = PunchStatus.swift; sourceTree = "<group>"; };
		A100000D /* ScheduledTime.swift */ = {isa = PBXFileReference; lastKnownFileType = sourcecode.swift; path = ScheduledTime.swift; sourceTree = "<group>"; };
		A100000E /* ScheduleState.swift */ = {isa = PBXFileReference; lastKnownFileType = sourcecode.swift; path = ScheduleState.swift; sourceTree = "<group>"; };
		A100000F /* StoredSession.swift */ = {isa = PBXFileReference; lastKnownFileType = sourcecode.swift; path = StoredSession.swift; sourceTree = "<group>"; };
		A1000030 /* NextPunch.swift */ = {isa = PBXFileReference; lastKnownFileType = sourcecode.swift; path = NextPunch.swift; sourceTree = "<group>"; };
		A1000010 /* AutoPunchEngine.swift */ = {isa = PBXFileReference; lastKnownFileType = sourcecode.swift; path = AutoPunchEngine.swift; sourceTree = "<group>"; };
		A1000011 /* HolidayStore.swift */ = {isa = PBXFileReference; lastKnownFileType = sourcecode.swift; path = HolidayStore.swift; sourceTree = "<group>"; };
		A1000012 /* LaunchAgentManager.swift */ = {isa = PBXFileReference; lastKnownFileType = sourcecode.swift; path = LaunchAgentManager.swift; sourceTree = "<group>"; };
		A1000013 /* PowerStateMonitor.swift */ = {isa = PBXFileReference; lastKnownFileType = sourcecode.swift; path = PowerStateMonitor.swift; sourceTree = "<group>"; };
		A1000014 /* AppPaths.swift */ = {isa = PBXFileReference; lastKnownFileType = sourcecode.swift; path = AppPaths.swift; sourceTree = "<group>"; };
		A1000015 /* AutoPunchLog.swift */ = {isa = PBXFileReference; lastKnownFileType = sourcecode.swift; path = AutoPunchLog.swift; sourceTree = "<group>"; };
		A1000060 /* AutoPunchLock.swift */ = {isa = PBXFileReference; lastKnownFileType = sourcecode.swift; path = AutoPunchLock.swift; sourceTree = "<group>"; };
		A1000016 /* ClockStoreCoding.swift */ = {isa = PBXFileReference; lastKnownFileType = sourcecode.swift; path = ClockStoreCoding.swift; sourceTree = "<group>"; };
		A1000017 /* ConfigManager.swift */ = {isa = PBXFileReference; lastKnownFileType = sourcecode.swift; path = ConfigManager.swift; sourceTree = "<group>"; };
		A1000018 /* DateFormatters.swift */ = {isa = PBXFileReference; lastKnownFileType = sourcecode.swift; path = DateFormatters.swift; sourceTree = "<group>"; };
		A1000019 /* NotificationManager.swift */ = {isa = PBXFileReference; lastKnownFileType = sourcecode.swift; path = NotificationManager.swift; sourceTree = "<group>"; };
		A100001A /* Shell.swift */ = {isa = PBXFileReference; lastKnownFileType = sourcecode.swift; path = Shell.swift; sourceTree = "<group>"; };
		A100001B /* StringExtensions.swift */ = {isa = PBXFileReference; lastKnownFileType = sourcecode.swift; path = StringExtensions.swift; sourceTree = "<group>"; };
		A1000031 /* TimeHelpers.swift */ = {isa = PBXFileReference; lastKnownFileType = sourcecode.swift; path = TimeHelpers.swift; sourceTree = "<group>"; };
		A100001C /* SystemUI.swift */ = {isa = PBXFileReference; lastKnownFileType = sourcecode.swift; path = SystemUI.swift; sourceTree = "<group>"; };
		A100001D /* ContentView.swift */ = {isa = PBXFileReference; lastKnownFileType = sourcecode.swift; path = ContentView.swift; sourceTree = "<group>"; };
		A100001E /* DesignSystem.swift */ = {isa = PBXFileReference; lastKnownFileType = sourcecode.swift; path = DesignSystem.swift; sourceTree = "<group>"; };
		A100001F /* MenuPanelButton.swift */ = {isa = PBXFileReference; lastKnownFileType = sourcecode.swift; path = MenuPanelButton.swift; sourceTree = "<group>"; };
		A1000020 /* MenuPanelToggleRow.swift */ = {isa = PBXFileReference; lastKnownFileType = sourcecode.swift; path = MenuPanelToggleRow.swift; sourceTree = "<group>"; };
			A1000021 /* PunchButtonStyle.swift */ = {isa = PBXFileReference; lastKnownFileType = sourcecode.swift; path = PunchButtonStyle.swift; sourceTree = "<group>"; };
			A1000023 /* StatusMetric.swift */ = {isa = PBXFileReference; lastKnownFileType = sourcecode.swift; path = StatusMetric.swift; sourceTree = "<group>"; };
			A1000024 /* SettingsView.swift */ = {isa = PBXFileReference; lastKnownFileType = sourcecode.swift; path = SettingsView.swift; sourceTree = "<group>"; };
				A1000040 /* SettingsWindowController.swift */ = {isa = PBXFileReference; lastKnownFileType = sourcecode.swift; path = SettingsWindowController.swift; sourceTree = "<group>"; };
		A1000025 /* Assets.xcassets */ = {isa = PBXFileReference; lastKnownFileType = folder.assetcatalog; path = Assets.xcassets; sourceTree = "<group>"; };
/* End PBXFileReference section */

/* Begin PBXFrameworksBuildPhase section */
		A4000002 /* Frameworks */ = {
			isa = PBXFrameworksBuildPhase;
			buildActionMask = 2147483647;
			files = (
				A2000025 /* Sparkle in Frameworks */,
			);
			runOnlyForDeploymentPostprocessing = 0;
		};
/* End PBXFrameworksBuildPhase section */

/* Begin PBXResourcesBuildPhase section */
		A4000003 /* Resources */ = {
			isa = PBXResourcesBuildPhase;
			buildActionMask = 2147483647;
			files = (
				A2000023 /* Assets.xcassets in Resources */,
			);
			runOnlyForDeploymentPostprocessing = 0;
		};
/* End PBXResourcesBuildPhase section */

/* Begin PBXGroup section */
		A3000001 = {
			isa = PBXGroup;
			children = (
				A3000002 /* ClockBar */,
				A3000003 /* Products */,
			);
			sourceTree = "<group>";
		};
		A3000002 /* ClockBar */ = {
			isa = PBXGroup;
			children = (
				A3000004 /* App */,
				A3000005 /* API */,
				A3000006 /* Auth */,
				A3000007 /* Models */,
				A300000B /* Resources */,
				A3000008 /* Scheduling */,
				A3000009 /* Support */,
				A300000A /* UI */,
				A1000002 /* Info.plist */,
			);
			path = ClockBar;
			sourceTree = "<group>";
		};
		A3000003 /* Products */ = {
			isa = PBXGroup;
			children = (
				A1000003 /* ClockBar.app */,
			);
			name = Products;
			sourceTree = "<group>";
		};
		A3000004 /* App */ = {
			isa = PBXGroup;
			children = (
				A1000001 /* ClockBarApp.swift */,
				A1000070 /* AppContainer.swift */,
				A1000004 /* StatusViewModel.swift */,
				A1000026 /* AppUpdater.swift */,
			);
			path = App;
			sourceTree = "<group>";
		};
		A3000005 /* API */ = {
			isa = PBXGroup;
			children = (
				A1000007 /* Clock104API.swift */,
				A1000008 /* Clock104Error.swift */,
				A1000009 /* ClockService.swift */,
			);
			path = API;
			sourceTree = "<group>";
		};
		A3000006 /* Auth */ = {
			isa = PBXGroup;
			children = (
				A1000006 /* AuthStore.swift */,
				A1000005 /* AuthWindowController.swift */,
				A1000050 /* SilentAuthRefresher.swift */,
			);
			path = Auth;
			sourceTree = "<group>";
		};
		A3000007 /* Models */ = {
			isa = PBXGroup;
			children = (
				A100000A /* ClockAction.swift */,
				A100000B /* ClockConfig.swift */,
				A100000C /* PunchStatus.swift */,
				A100000D /* ScheduledTime.swift */,
				A1000030 /* NextPunch.swift */,
				A100000E /* ScheduleState.swift */,
				A100000F /* StoredSession.swift */,
			);
			path = Models;
			sourceTree = "<group>";
		};
		A3000008 /* Scheduling */ = {
			isa = PBXGroup;
			children = (
				A1000010 /* AutoPunchEngine.swift */,
				A1000011 /* HolidayStore.swift */,
				A1000012 /* LaunchAgentManager.swift */,
				A1000013 /* PowerStateMonitor.swift */,
			);
			path = Scheduling;
			sourceTree = "<group>";
		};
		A3000009 /* Support */ = {
			isa = PBXGroup;
			children = (
				A1000014 /* AppPaths.swift */,
				A1000060 /* AutoPunchLock.swift */,
				A1000015 /* AutoPunchLog.swift */,
				A1000016 /* ClockStoreCoding.swift */,
				A1000017 /* ConfigManager.swift */,
				A1000018 /* DateFormatters.swift */,
				A1000019 /* NotificationManager.swift */,
				A100001A /* Shell.swift */,
				A100001B /* StringExtensions.swift */,
				A1000031 /* TimeHelpers.swift */,
				A100001C /* SystemUI.swift */,
			);
			path = Support;
			sourceTree = "<group>";
		};
		A300000A /* UI */ = {
			isa = PBXGroup;
			children = (
				A100001D /* ContentView.swift */,
				A100001E /* DesignSystem.swift */,
				A100001F /* MenuPanelButton.swift */,
				A1000020 /* MenuPanelToggleRow.swift */,
				A1000021 /* PunchButtonStyle.swift */,
				A1000024 /* SettingsView.swift */,
				A1000040 /* SettingsWindowController.swift */,
				A1000023 /* StatusMetric.swift */,
			);
			path = UI;
			sourceTree = "<group>";
		};
		A300000B /* Resources */ = {
			isa = PBXGroup;
			children = (
				A1000025 /* Assets.xcassets */,
			);
			path = Resources;
			sourceTree = "<group>";
		};
/* End PBXGroup section */

/* Begin PBXNativeTarget section */
		A5000001 /* ClockBar */ = {
			isa = PBXNativeTarget;
			buildConfigurationList = A8000001 /* Build configuration list for PBXNativeTarget "ClockBar" */;
			buildPhases = (
				A4000001 /* Sources */,
				A4000002 /* Frameworks */,
				A4000003 /* Resources */,
			);
			buildRules = (
			);
			dependencies = (
			);
			name = ClockBar;
			packageProductDependencies = (
				A9000002 /* Sparkle */,
			);
			productName = ClockBar;
			productReference = A1000003 /* ClockBar.app */;
			productType = "com.apple.product-type.application";
		};
/* End PBXNativeTarget section */

/* Begin PBXProject section */
		A6000001 /* Project object */ = {
			isa = PBXProject;
			attributes = {
				BuildIndependentTargetsInParallel = 1;
				LastSwiftUpdateCheck = 2640;
				LastUpgradeCheck = 2640;
			};
			buildConfigurationList = A8000002 /* Build configuration list for PBXProject "ClockBar" */;
			compatibilityVersion = "Xcode 14.0";
			developmentRegion = en;
			hasScannedForEncodings = 0;
			knownRegions = (
				en,
				Base,
			);
			mainGroup = A3000001;
			packageReferences = (
				A9000001 /* XCRemoteSwiftPackageReference "Sparkle" */,
			);
			productRefGroup = A3000003 /* Products */;
			projectDirPath = "";
			projectRoot = "";
			targets = (
				A5000001 /* ClockBar */,
			);
		};
/* End PBXProject section */

/* Begin PBXSourcesBuildPhase section */
		A4000001 /* Sources */ = {
			isa = PBXSourcesBuildPhase;
			buildActionMask = 2147483647;
			files = (
				A2000001 /* ClockBarApp.swift in Sources */,
				A2000070 /* AppContainer.swift in Sources */,
				A2000002 /* StatusViewModel.swift in Sources */,
				A2000024 /* AppUpdater.swift in Sources */,
				A2000003 /* AuthWindowController.swift in Sources */,
				A2000050 /* SilentAuthRefresher.swift in Sources */,
				A2000004 /* AuthStore.swift in Sources */,
				A2000005 /* Clock104API.swift in Sources */,
				A2000006 /* Clock104Error.swift in Sources */,
				A2000007 /* ClockService.swift in Sources */,
				A2000008 /* ClockAction.swift in Sources */,
				A2000009 /* ClockConfig.swift in Sources */,
				A200000A /* PunchStatus.swift in Sources */,
				A200000B /* ScheduledTime.swift in Sources */,
				A200000C /* ScheduleState.swift in Sources */,
				A200000D /* StoredSession.swift in Sources */,
				A2000030 /* NextPunch.swift in Sources */,
				A200000E /* AutoPunchEngine.swift in Sources */,
				A200000F /* HolidayStore.swift in Sources */,
				A2000010 /* LaunchAgentManager.swift in Sources */,
				A2000011 /* PowerStateMonitor.swift in Sources */,
				A2000012 /* AppPaths.swift in Sources */,
				A2000060 /* AutoPunchLock.swift in Sources */,
				A2000013 /* AutoPunchLog.swift in Sources */,
				A2000014 /* ClockStoreCoding.swift in Sources */,
				A2000015 /* ConfigManager.swift in Sources */,
				A2000016 /* DateFormatters.swift in Sources */,
				A2000017 /* NotificationManager.swift in Sources */,
				A2000018 /* Shell.swift in Sources */,
				A2000019 /* StringExtensions.swift in Sources */,
				A2000031 /* TimeHelpers.swift in Sources */,
				A200001A /* SystemUI.swift in Sources */,
				A200001B /* ContentView.swift in Sources */,
				A200001C /* DesignSystem.swift in Sources */,
				A200001D /* MenuPanelButton.swift in Sources */,
				A200001E /* MenuPanelToggleRow.swift in Sources */,
				A200001F /* PunchButtonStyle.swift in Sources */,
				A2000022 /* SettingsView.swift in Sources */,
				A2000040 /* SettingsWindowController.swift in Sources */,
				A2000021 /* StatusMetric.swift in Sources */,
			);
			runOnlyForDeploymentPostprocessing = 0;
		};
/* End PBXSourcesBuildPhase section */

/* Begin XCBuildConfiguration section */
		A7000001 /* Debug */ = {
			isa = XCBuildConfiguration;
			buildSettings = {
				ASSETCATALOG_COMPILER_APPICON_NAME = AppIcon;
				CODE_SIGN_IDENTITY = "-";
				CODE_SIGN_STYLE = Automatic;
				COMBINE_HIDPI_IMAGES = YES;
				CURRENT_PROJECT_VERSION = 1;
				DEAD_CODE_STRIPPING = YES;
				INFOPLIST_FILE = ClockBar/Info.plist;
				LD_RUNPATH_SEARCH_PATHS = (
					"$(inherited)",
					"@executable_path/../Frameworks",
				);
				MACOSX_DEPLOYMENT_TARGET = 15.0;
				MARKETING_VERSION = "0.0.0-dev";
				OTHER_CODE_SIGN_FLAGS = "--deep";
				PRODUCT_BUNDLE_IDENTIFIER = com.clockbar.app;
				PRODUCT_NAME = "$(TARGET_NAME)";
				SPARKLE_PUBLIC_ED_KEY = "jPpjNAvnIiJmgOWgj7hrEesiqAEvKVj+Oa0v1KnX1ys=";
				SWIFT_VERSION = 5.0;
			};
			name = Debug;
		};
		A7000002 /* Release */ = {
			isa = XCBuildConfiguration;
			buildSettings = {
				ASSETCATALOG_COMPILER_APPICON_NAME = AppIcon;
				CODE_SIGN_IDENTITY = "-";
				CODE_SIGN_STYLE = Automatic;
				COMBINE_HIDPI_IMAGES = YES;
				CURRENT_PROJECT_VERSION = 1;
				DEAD_CODE_STRIPPING = YES;
				INFOPLIST_FILE = ClockBar/Info.plist;
				LD_RUNPATH_SEARCH_PATHS = (
					"$(inherited)",
					"@executable_path/../Frameworks",
				);
				MACOSX_DEPLOYMENT_TARGET = 15.0;
				MARKETING_VERSION = "0.0.0-dev";
				OTHER_CODE_SIGN_FLAGS = "--deep";
				PRODUCT_BUNDLE_IDENTIFIER = com.clockbar.app;
				PRODUCT_NAME = "$(TARGET_NAME)";
				SPARKLE_PUBLIC_ED_KEY = "jPpjNAvnIiJmgOWgj7hrEesiqAEvKVj+Oa0v1KnX1ys=";
				SWIFT_VERSION = 5.0;
			};
			name = Release;
		};
		A7000003 /* Debug */ = {
			isa = XCBuildConfiguration;
			buildSettings = {
				ALWAYS_SEARCH_USER_PATHS = NO;
				CLANG_ANALYZER_NONNULL = YES;
				CLANG_CXX_LANGUAGE_STANDARD = "gnu++20";
				CLANG_ENABLE_MODULES = YES;
				CLANG_ENABLE_OBJC_ARC = YES;
				CLANG_WARN_QUOTED_INCLUDE_IN_FRAMEWORK_HEADER = YES;
				COPY_PHASE_STRIP = NO;
				DEAD_CODE_STRIPPING = YES;
				DEBUG_INFORMATION_FORMAT = dwarf;
				ENABLE_STRICT_OBJC_MSGSEND = YES;
				ENABLE_TESTABILITY = YES;
				ENABLE_USER_SCRIPT_SANDBOXING = YES;
				GCC_DYNAMIC_NO_PIC = NO;
				GCC_NO_COMMON_BLOCKS = YES;
				GCC_OPTIMIZATION_LEVEL = 0;
				GCC_WARN_ABOUT_RETURN_TYPE = YES_ERROR;
				GCC_WARN_UNINITIALIZED_AUTOS = YES_AGGRESSIVE;
				MACOSX_DEPLOYMENT_TARGET = 15.0;
				MTL_ENABLE_DEBUG_INFO = INCLUDE_SOURCE;
				ONLY_ACTIVE_ARCH = YES;
				SDKROOT = macosx;
				SWIFT_ACTIVE_COMPILATION_CONDITIONS = DEBUG;
				SWIFT_OPTIMIZATION_LEVEL = "-Onone";
			};
			name = Debug;
		};
		A7000004 /* Release */ = {
			isa = XCBuildConfiguration;
			buildSettings = {
				ALWAYS_SEARCH_USER_PATHS = NO;
				CLANG_ANALYZER_NONNULL = YES;
				CLANG_CXX_LANGUAGE_STANDARD = "gnu++20";
				CLANG_ENABLE_MODULES = YES;
				CLANG_ENABLE_OBJC_ARC = YES;
				CLANG_WARN_QUOTED_INCLUDE_IN_FRAMEWORK_HEADER = YES;
				COPY_PHASE_STRIP = NO;
				DEAD_CODE_STRIPPING = YES;
				DEBUG_INFORMATION_FORMAT = "dwarf-with-dsym";
				ENABLE_NS_ASSERTIONS = NO;
				ENABLE_STRICT_OBJC_MSGSEND = YES;
				ENABLE_USER_SCRIPT_SANDBOXING = YES;
				GCC_NO_COMMON_BLOCKS = YES;
				GCC_WARN_ABOUT_RETURN_TYPE = YES_ERROR;
				GCC_WARN_UNINITIALIZED_AUTOS = YES_AGGRESSIVE;
				MACOSX_DEPLOYMENT_TARGET = 15.0;
				SDKROOT = macosx;
				SWIFT_COMPILATION_MODE = wholemodule;
				SWIFT_OPTIMIZATION_LEVEL = "-O";
			};
			name = Release;
		};
/* End XCBuildConfiguration section */

/* Begin XCConfigurationList section */
		A8000001 /* Build configuration list for PBXNativeTarget "ClockBar" */ = {
			isa = XCConfigurationList;
			buildConfigurations = (
				A7000001 /* Debug */,
				A7000002 /* Release */,
			);
			defaultConfigurationIsVisible = 0;
			defaultConfigurationName = Release;
		};
		A8000002 /* Build configuration list for PBXProject "ClockBar" */ = {
			isa = XCConfigurationList;
			buildConfigurations = (
				A7000003 /* Debug */,
				A7000004 /* Release */,
			);
			defaultConfigurationIsVisible = 0;
			defaultConfigurationName = Release;
		};
/* End XCConfigurationList section */

/* Begin XCRemoteSwiftPackageReference section */
		A9000001 /* XCRemoteSwiftPackageReference "Sparkle" */ = {
			isa = XCRemoteSwiftPackageReference;
			repositoryURL = "https://github.com/sparkle-project/Sparkle";
			requirement = {
				kind = upToNextMajorVersion;
				minimumVersion = 2.9.0;
			};
		};
/* End XCRemoteSwiftPackageReference section */

/* Begin XCSwiftPackageProductDependency section */
		A9000002 /* Sparkle */ = {
			isa = XCSwiftPackageProductDependency;
			package = A9000001 /* XCRemoteSwiftPackageReference "Sparkle" */;
			productName = Sparkle;
		};
/* End XCSwiftPackageProductDependency section */
	};
	rootObject = A6000001 /* Project object */;
}
